<?xml version="1.0" encoding="utf-8"?>
<Project ToolsVersion="4.0" xmlns="http://schemas.microsoft.com/developer/msbuild/2003">
  <ItemGroup>
    <Filter Include="Source Files">
      <UniqueIdentifier>{4FC737F1-C7A5-4376-A066-2A32D752A2FF}</UniqueIdentifier>
      <Extensions>cpp;c;cc;cxx;def;odl;idl;hpj;bat;asm;asmx</Extensions>
    </Filter>
    <Filter Include="Header Files">
      <UniqueIdentifier>{93995380-89BD-4b04-88EB-625FBE52EBFB}</UniqueIdentifier>
      <Extensions>h;hpp;hxx;hm;inl;inc;xsd</Extensions>
    </Filter>
  </ItemGroup>
  <ItemGroup>
    <ClCompile Include="NTFSfastFind.cpp">
      <Filter>Source Files</Filter>
    </ClCompile>
    <ClCompile Include="Support\FsFilter.cpp">
      <Filter>Source Files</Filter>
    </ClCompile>
    <ClCompile Include="Support\FsTime.cpp">
      <Filter>Source Files</Filter>
    </ClCompile>
    <ClCompile Include="Support\FsUtil.cpp">
      <Filter>Source Files</Filter>
    </ClCompile>
    <ClCompile Include="Support\GetOpts.cpp">
      <Filter>Source Files</Filter>
    </ClCompile>
    <ClCompile Include="Support\LocaleFmt.cpp">
      <Filter>Source Files</Filter>
    </ClCompile>
    <ClCompile Include="Support\Pattern.cpp">
      <Filter>Source Files</Filter>
    </ClCompile>
    <ClCompile Include="Support\StackWalker.cpp">
      <Filter>Source Files</Filter>
    </ClCompile>
    <ClCompile Include="ntfs\mftrecord.cpp">
      <Filter>Source Files</Filter>
    </ClCompile>
    <ClCompile Include="ntfs\ntfsutil.cpp">
      <Filter>Source Files</Filter>
    </ClCompile>
    <ClCompile Include="support\WinErrHandlers.cpp">
      <Filter>Source Files</Filter>
    </ClCompile>
    <ClCompile Include="support\dosslowfind.cpp">
      <Filter>Source Files</Filter>
    </ClCompile>
  </ItemGroup>
  <ItemGroup>
    <ClInclude Include="resource.h">
      <Filter>Header Files</Filter>
    </ClInclude>
    <ClInclude Include="Support\Block.h">
      <Filter>Header Files</Filter>
    </ClInclude>
    <ClInclude Include="Support\FsFilter.h">
      <Filter>Header Files</Filter>
    </ClInclude>
    <ClInclude Include="Support\FsTime.h">
      <Filter>Header Files</Filter>
    </ClInclude>
    <ClInclude Include="Support\FsUtil.h">
      <Filter>Header Files</Filter>
    </ClInclude>
    <ClInclude Include="Support\GetOpts.h">
      <Filter>Header Files</Filter>
    </ClInclude>
    <ClInclude Include="Support\Hnd.h">
      <Filter>Header Files</Filter>
    </ClInclude>
    <ClInclude Include="Support\LocaleFmt.h">
      <Filter>Header Files</Filter>
    </ClInclude>
    <ClInclude Include="Support\oNullStream.h">
      <Filter>Header Files</Filter>
    </ClInclude>
    <ClInclude Include="Support\Pattern.h">
      <Filter>Header Files</Filter>
    </ClInclude>
    <ClInclude Include="Support\SharePtr.h">
      <Filter>Header Files</Filter>
    </ClInclude>
    <ClInclude Include="Support\StackWalker.h">
      <Filter>Header Files</Filter>
    </ClInclude>
    <ClInclude Include="Support\BaseTypes.h">
      <Filter>Header Files</Filter>
    </ClInclude>
    <ClInclude Include="ntfs\mftrecord.h">
      <Filter>Header Files</Filter>
    </ClInclude>
    <ClInclude Include="ntfs\ntfstypes.h">
      <Filter>Header Files</Filter>
    </ClInclude>
    <ClInclude Include="ntfs\ntfsutil.h">
      <Filter>Header Files</Filter>
    </ClInclude>
    <ClInclude Include="support\WinErrHandlers.h">
      <Filter>Header Files</Filter>
    </ClInclude>
    <ClInclude Include="support\dosslowfind.h">
      <Filter>Header Files</Filter>
    </ClInclude>
  </ItemGroup>
  <ItemGroup>
    <ResourceCompile Include="NTFSfastFind.rc" />
  </ItemGroup>
</Project>